
Microsoft Visual Studio Solution File, Format Version 12.00
# Visual Studio Version 16
VisualStudioVersion = 16.0.30503.244
MinimumVisualStudioVersion = 10.0.40219.1
Project("{9A19103F-16F7-4668-BE54-9A1E7A4F7556}") = "HelloWorld", "HelloWorld\HelloWorld.csproj", "{97040C2B-7253-4CFC-BD82-3243213C436F}"
EndProject
Project("{9A19103F-16F7-4668-BE54-9A1E7A4F7556}") = "Exercise01", "Exercise01\Exercise01.csproj", "{3F1DAD41-E8C3-42BC-B59E-63FC7CC23471}"
EndProject
Project("{9A19103F-16F7-4668-BE54-9A1E7A4F7556}") = "Exercise02", "Exercise02\Exercise02.csproj", "{650D3405-A1F2-4C69-90EA-C233C6E6F2B4}"
EndProject
Project("{9A19103F-16F7-4668-BE54-9A1E7A4F7556}") = "WPF", "WPF\WPF.csproj", "{9D0BE9AB-5704-4748-9B2F-0EE51847DFE7}"
EndProject
Project("{FAE04EC0-301F-11D3-BF4B-00C04F79EFBC}") = "Exercise03", "Exercise03\Exercise03.csproj", "{F5DF9390-0C8C-4C96-A836-0C061A0CF455}"
EndProject
Global
	GlobalSection(SolutionConfigurationPlatforms) = preSolution
		Debug|Any CPU = Debug|Any CPU
		Release|Any CPU = Release|Any CPU
	EndGlobalSection
	GlobalSection(ProjectConfigurationPlatforms) = postSolution
		{97040C2B-7253-4CFC-BD82-3243213C436F}.Debug|Any CPU.ActiveCfg = Debug|Any CPU
		{97040C2B-7253-4CFC-BD82-3243213C436F}.Debug|Any CPU.Build.0 = Debug|Any CPU
		{97040C2B-7253-4CFC-BD82-3243213C436F}.Release|Any CPU.ActiveCfg = Release|Any CPU
		{97040C2B-7253-4CFC-BD82-3243213C436F}.Release|Any CPU.Build.0 = Release|Any CPU
		{3F1DAD41-E8C3-42BC-B59E-63FC7CC23471}.Debug|Any CPU.ActiveCfg = Debug|Any CPU
		{3F1DAD41-E8C3-42BC-B59E-63FC7CC23471}.Debug|Any CPU.Build.0 = Debug|Any CPU
		{3F1DAD41-E8C3-42BC-B59E-63FC7CC23471}.Release|Any CPU.ActiveCfg = Release|Any CPU
		{3F1DAD41-E8C3-42BC-B59E-63FC7CC23471}.Release|Any CPU.Build.0 = Release|Any CPU
		{650D3405-A1F2-4C69-90EA-C233C6E6F2B4}.Debug|Any CPU.ActiveCfg = Debug|Any CPU
		{650D3405-A1F2-4C69-90EA-C233C6E6F2B4}.Debug|Any CPU.Build.0 = Debug|Any CPU
		{650D3405-A1F2-4C69-90EA-C233C6E6F2B4}.Release|Any CPU.ActiveCfg = Release|Any CPU
		{650D3405-A1F2-4C69-90EA-C233C6E6F2B4}.Release|Any CPU.Build.0 = Release|Any CPU
		{9D0BE9AB-5704-4748-9B2F-0EE51847DFE7}.Debug|Any CPU.ActiveCfg = Debug|Any CPU
		{9D0BE9AB-5704-4748-9B2F-0EE51847DFE7}.Debug|Any CPU.Build.0 = Debug|Any CPU
		{9D0BE9AB-5704-4748-9B2F-0EE51847DFE7}.Release|Any CPU.ActiveCfg = Release|Any CPU
		{9D0BE9AB-5704-4748-9B2F-0EE51847DFE7}.Release|Any CPU.Build.0 = Release|Any CPU
		{F5DF9390-0C8C-4C96-A836-0C061A0CF455}.Debug|Any CPU.ActiveCfg = Debug|Any CPU
		{F5DF9390-0C8C-4C96-A836-0C061A0CF455}.Debug|Any CPU.Build.0 = Debug|Any CPU
		{F5DF9390-0C8C-4C96-A836-0C061A0CF455}.Release|Any CPU.ActiveCfg = Release|Any CPU
		{F5DF9390-0C8C-4C96-A836-0C061A0CF455}.Release|Any CPU.Build.0 = Release|Any CPU
	EndGlobalSection
	GlobalSection(SolutionProperties) = preSolution
		HideSolutionNode = FALSE
	EndGlobalSection
	GlobalSection(ExtensibilityGlobals) = postSolution
		SolutionGuid = {62CC8DC5-A9E1-4F7F-91BE-0C8BED0634EF}
	EndGlobalSection
EndGlobal
